// !$*UTF8*$!
{
	archiveVersion = 1;
	classes = {
	};
	objectVersion = 56;
	objects = {

/* Begin PBXBuildFile section */
		FF9DC9992C9267EC008859EC /* AppDelegate.swift in Sources */ = {isa = PBXBuildFile; fileRef = FF9DC9982C9267EC008859EC /* AppDelegate.swift */; };
		FF9DC99B2C9267EC008859EC /* SceneDelegate.swift in Sources */ = {isa = PBXBuildFile; fileRef = FF9DC99A2C9267EC008859EC /* SceneDelegate.swift */; };
		FF9DC99D2C9267EC008859EC /* ViewController.swift in Sources */ = {isa = PBXBuildFile; fileRef = FF9DC99C2C9267EC008859EC /* ViewController.swift */; };
		FF9DC9A02C9267EC008859EC /* Base in Resources */ = {isa = PBXBuildFile; fileRef = FF9DC99F2C9267EC008859EC /* Base */; };
		FF9DC9A22C9267ED008859EC /* Assets.xcassets in Resources */ = {isa = PBXBuildFile; fileRef = FF9DC9A12C9267ED008859EC /* Assets.xcassets */; };
		FF9DC9A52C9267ED008859EC /* Base in Resources */ = {isa = PBXBuildFile; fileRef = FF9DC9A42C9267ED008859EC /* Base */; };
		FF9DC9B02C9267ED008859EC /* XylophoneTests.swift in Sources */ = {isa = PBXBuildFile; fileRef = FF9DC9AF2C9267ED008859EC /* XylophoneTests.swift */; };
		FF9DC9BA2C9267ED008859EC /* XylophoneUITests.swift in Sources */ = {isa = PBXBuildFile; fileRef = FF9DC9B92C9267ED008859EC /* XylophoneUITests.swift */; };
		FF9DC9BC2C9267ED008859EC /* XylophoneUITestsLaunchTests.swift in Sources */ = {isa = PBXBuildFile; fileRef = FF9DC9BB2C9267ED008859EC /* XylophoneUITestsLaunchTests.swift */; };
		FF9DC9D02C926809008859EC /* A.wav in Resources */ = {isa = PBXBuildFile; fileRef = FF9DC9C82C926809008859EC /* A.wav */; };
		FF9DC9D12C926809008859EC /* B.wav in Resources */ = {isa = PBXBuildFile; fileRef = FF9DC9C92C926809008859EC /* B.wav */; };
		FF9DC9D22C926809008859EC /* C.wav in Resources */ = {isa = PBXBuildFile; fileRef = FF9DC9CA2C926809008859EC /* C.wav */; };
		FF9DC9D32C926809008859EC /* D.wav in Resources */ = {isa = PBXBuildFile; fileRef = FF9DC9CB2C926809008859EC /* D.wav */; };
		FF9DC9D42C926809008859EC /* E.wav in Resources */ = {isa = PBXBuildFile; fileRef = FF9DC9CC2C926809008859EC /* E.wav */; };
		FF9DC9D52C926809008859EC /* F.wav in Resources */ = {isa = PBXBuildFile; fileRef = FF9DC9CD2C926809008859EC /* F.wav */; };
		FF9DC9D62C926809008859EC /* G.wav in Resources */ = {isa = PBXBuildFile; fileRef = FF9DC9CE2C926809008859EC /* G.wav */; };
/* End PBXBuildFile section */

/* Begin PBXContainerItemProxy section */
		FF9DC9AC2C9267ED008859EC /* PBXContainerItemProxy */ = {
			isa = PBXContainerItemProxy;
			containerPortal = FF9DC98D2C9267EC008859EC /* Project object */;
			proxyType = 1;
			remoteGlobalIDString = FF9DC9942C9267EC008859EC;
			remoteInfo = Xylophone;
		};
		FF9DC9B62C9267ED008859EC /* PBXContainerItemProxy */ = {
			isa = PBXContainerItemProxy;
			containerPortal = FF9DC98D2C9267EC008859EC /* Project object */;
			proxyType = 1;
			remoteGlobalIDString = FF9DC9942C9267EC008859EC;
			remoteInfo = Xylophone;
		};
/* End PBXContainerItemProxy section */

/* Begin PBXFileReference section */
		FF9DC9952C9267EC008859EC /* Xylophone.app */ = {isa = PBXFileReference; explicitFileType = wrapper.application; includeInIndex = 0; path = Xylophone.app; sourceTree = BUILT_PRODUCTS_DIR; };
		FF9DC9982C9267EC008859EC /* AppDelegate.swift */ = {isa = PBXFileReference; lastKnownFileType = sourcecode.swift; path = AppDelegate.swift; sourceTree = "<group>"; };
		FF9DC99A2C9267EC008859EC /* SceneDelegate.swift */ = {isa = PBXFileReference; lastKnownFileType = sourcecode.swift; path = SceneDelegate.swift; sourceTree = "<group>"; };
		FF9DC99C2C9267EC008859EC /* ViewController.swift */ = {isa = PBXFileReference; lastKnownFileType = sourcecode.swift; path = ViewController.swift; sourceTree = "<group>"; };
		FF9DC99F2C9267EC008859EC /* Base */ = {isa = PBXFileReference; lastKnownFileType = file.storyboard; name = Base; path = Base.lproj/Main.storyboard; sourceTree = "<group>"; };
		FF9DC9A12C9267ED008859EC /* Assets.xcassets */ = {isa = PBXFileReference; lastKnownFileType = folder.assetcatalog; path = Assets.xcassets; sourceTree = "<group>"; };
		FF9DC9A42C9267ED008859EC /* Base */ = {isa = PBXFileReference; lastKnownFileType = file.storyboard; name = Base; path = Base.lproj/LaunchScreen.storyboard; sourceTree = "<group>"; };
		FF9DC9A62C9267ED008859EC /* Info.plist */ = {isa = PBXFileReference; lastKnownFileType = text.plist.xml; path = Info.plist; sourceTree = "<group>"; };
		FF9DC9AB2C9267ED008859EC /* XylophoneTests.xctest */ = {isa = PBXFileReference; explicitFileType = wrapper.cfbundle; includeInIndex = 0; path = XylophoneTests.xctest; sourceTree = BUILT_PRODUCTS_DIR; };
		FF9DC9AF2C9267ED008859EC /* XylophoneTests.swift */ = {isa = PBXFileReference; lastKnownFileType = sourcecode.swift; path = XylophoneTests.swift; sourceTree = "<group>"; };
		FF9DC9B52C9267ED008859EC /* XylophoneUITests.xctest */ = {isa = PBXFileReference; explicitFileType = wrapper.cfbundle; includeInIndex = 0; path = XylophoneUITests.xctest; sourceTree = BUILT_PRODUCTS_DIR; };
		FF9DC9B92C9267ED008859EC /* XylophoneUITests.swift */ = {isa = PBXFileReference; lastKnownFileType = sourcecode.swift; path = XylophoneUITests.swift; sourceTree = "<group>"; };
		FF9DC9BB2C9267ED008859EC /* XylophoneUITestsLaunchTests.swift */ = {isa = PBXFileReference; lastKnownFileType = sourcecode.swift; path = XylophoneUITestsLaunchTests.swift; sourceTree = "<group>"; };
		FF9DC9C82C926809008859EC /* A.wav */ = {isa = PBXFileReference; lastKnownFileType = audio.wav; path = A.wav; sourceTree = "<group>"; };
		FF9DC9C92C926809008859EC /* B.wav */ = {isa = PBXFileReference; lastKnownFileType = audio.wav; path = B.wav; sourceTree = "<group>"; };
		FF9DC9CA2C926809008859EC /* C.wav */ = {isa = PBXFileReference; lastKnownFileType = audio.wav; path = C.wav; sourceTree = "<group>"; };
		FF9DC9CB2C926809008859EC /* D.wav */ = {isa = PBXFileReference; lastKnownFileType = audio.wav; path = D.wav; sourceTree = "<group>"; };
		FF9DC9CC2C926809008859EC /* E.wav */ = {isa = PBXFileReference; lastKnownFileType = audio.wav; path = E.wav; sourceTree = "<group>"; };
		FF9DC9CD2C926809008859EC /* F.wav */ = {isa = PBXFileReference; lastKnownFileType = audio.wav; path = F.wav; sourceTree = "<group>"; };
		FF9DC9CE2C926809008859EC /* G.wav */ = {isa = PBXFileReference; lastKnownFileType = audio.wav; path = G.wav; sourceTree = "<group>"; };
/* End PBXFileReference section */

/* Begin PBXFrameworksBuildPhase section */
		FF9DC9922C9267EC008859EC /* Frameworks */ = {
			isa = PBXFrameworksBuildPhase;
			buildActionMask = 2147483647;
			files = (
			);
			runOnlyForDeploymentPostprocessing = 0;
		};
		FF9DC9A82C9267ED008859EC /* Frameworks */ = {
			isa = PBXFrameworksBuildPhase;
			buildActionMask = 2147483647;
			files = (
			);
			runOnlyForDeploymentPostprocessing = 0;
		};
		FF9DC9B22C9267ED008859EC /* Frameworks */ = {
			isa = PBXFrameworksBuildPhase;
			buildActionMask = 2147483647;
			files = (
			);
			runOnlyForDeploymentPostprocessing = 0;
		};
/* End PBXFrameworksBuildPhase section */

/* Begin PBXGroup section */
		FF9DC98C2C9267EC008859EC = {
			isa = PBXGroup;
			children = (
				FF9DC9972C9267EC008859EC /* Xylophone */,
				FF9DC9AE2C9267ED008859EC /* XylophoneTests */,
				FF9DC9B82C9267ED008859EC /* XylophoneUITests */,
				FF9DC9962C9267EC008859EC /* Products */,
			);
			sourceTree = "<group>";
		};
		FF9DC9962C9267EC008859EC /* Products */ = {
			isa = PBXGroup;
			children = (
				FF9DC9952C9267EC008859EC /* Xylophone.app */,
				FF9DC9AB2C9267ED008859EC /* XylophoneTests.xctest */,
				FF9DC9B52C9267ED008859EC /* XylophoneUITests.xctest */,
			);
			name = Products;
			sourceTree = "<group>";
		};
		FF9DC9972C9267EC008859EC /* Xylophone */ = {
			isa = PBXGroup;
			children = (
				FF9DC9CF2C926809008859EC /* Sounds */,
				FF9DC9982C9267EC008859EC /* AppDelegate.swift */,
				FF9DC99A2C9267EC008859EC /* SceneDelegate.swift */,
				FF9DC99C2C9267EC008859EC /* ViewController.swift */,
				FF9DC99E2C9267EC008859EC /* Main.storyboard */,
				FF9DC9A12C9267ED008859EC /* Assets.xcassets */,
				FF9DC9A32C9267ED008859EC /* LaunchScreen.storyboard */,
				FF9DC9A62C9267ED008859EC /* Info.plist */,
			);
			path = Xylophone;
			sourceTree = "<group>";
		};
		FF9DC9AE2C9267ED008859EC /* XylophoneTests */ = {
			isa = PBXGroup;
			children = (
				FF9DC9AF2C9267ED008859EC /* XylophoneTests.swift */,
			);
			path = XylophoneTests;
			sourceTree = "<group>";
		};
		FF9DC9B82C9267ED008859EC /* XylophoneUITests */ = {
			isa = PBXGroup;
			children = (
				FF9DC9B92C9267ED008859EC /* XylophoneUITests.swift */,
				FF9DC9BB2C9267ED008859EC /* XylophoneUITestsLaunchTests.swift */,
			);
			path = XylophoneUITests;
			sourceTree = "<group>";
		};
		FF9DC9CF2C926809008859EC /* Sounds */ = {
			isa = PBXGroup;
			children = (
				FF9DC9C82C926809008859EC /* A.wav */,
				FF9DC9C92C926809008859EC /* B.wav */,
				FF9DC9CA2C926809008859EC /* C.wav */,
				FF9DC9CB2C926809008859EC /* D.wav */,
				FF9DC9CC2C926809008859EC /* E.wav */,
				FF9DC9CD2C926809008859EC /* F.wav */,
				FF9DC9CE2C926809008859EC /* G.wav */,
			);
			path = Sounds;
			sourceTree = "<group>";
		};
/* End PBXGroup section */

/* Begin PBXNativeTarget section */
		FF9DC9942C9267EC008859EC /* Xylophone */ = {
			isa = PBXNativeTarget;
			buildConfigurationList = FF9DC9BF2C9267ED008859EC /* Build configuration list for PBXNativeTarget "Xylophone" */;
			buildPhases = (
				FF9DC9912C9267EC008859EC /* Sources */,
				FF9DC9922C9267EC008859EC /* Frameworks */,
				FF9DC9932C9267EC008859EC /* Resources */,
			);
			buildRules = (
			);
			dependencies = (
			);
			name = Xylophone;
			productName = Xylophone;
			productReference = FF9DC9952C9267EC008859EC /* Xylophone.app */;
			productType = "com.apple.product-type.application";
		};
		FF9DC9AA2C9267ED008859EC /* XylophoneTests */ = {
			isa = PBXNativeTarget;
			buildConfigurationList = FF9DC9C22C9267ED008859EC /* Build configuration list for PBXNativeTarget "XylophoneTests" */;
			buildPhases = (
				FF9DC9A72C9267ED008859EC /* Sources */,
				FF9DC9A82C9267ED008859EC /* Frameworks */,
				FF9DC9A92C9267ED008859EC /* Resources */,
			);
			buildRules = (
			);
			dependencies = (
				FF9DC9AD2C9267ED008859EC /* PBXTargetDependency */,
			);
			name = XylophoneTests;
			productName = XylophoneTests;
			productReference = FF9DC9AB2C9267ED008859EC /* XylophoneTests.xctest */;
			productType = "com.apple.product-type.bundle.unit-test";
		};
		FF9DC9B42C9267ED008859EC /* XylophoneUITests */ = {
			isa = PBXNativeTarget;
			buildConfigurationList = FF9DC9C52C9267ED008859EC /* Build configuration list for PBXNativeTarget "XylophoneUITests" */;
			buildPhases = (
				FF9DC9B12C9267ED008859EC /* Sources */,
				FF9DC9B22C9267ED008859EC /* Frameworks */,
				FF9DC9B32C9267ED008859EC /* Resources */,
			);
			buildRules = (
			);
			dependencies = (
				FF9DC9B72C9267ED008859EC /* PBXTargetDependency */,
			);
			name = XylophoneUITests;
			productName = XylophoneUITests;
			productReference = FF9DC9B52C9267ED008859EC /* XylophoneUITests.xctest */;
			productType = "com.apple.product-type.bundle.ui-testing";
		};
/* End PBXNativeTarget section */

/* Begin PBXProject section */
		FF9DC98D2C9267EC008859EC /* Project object */ = {
			isa = PBXProject;
			attributes = {
				BuildIndependentTargetsInParallel = 1;
				LastSwiftUpdateCheck = 1540;
				LastUpgradeCheck = 1540;
				TargetAttributes = {
					FF9DC9942C9267EC008859EC = {
						CreatedOnToolsVersion = 15.4;
					};
					FF9DC9AA2C9267ED008859EC = {
						CreatedOnToolsVersion = 15.4;
						TestTargetID = FF9DC9942C9267EC008859EC;
					};
					FF9DC9B42C9267ED008859EC = {
						CreatedOnToolsVersion = 15.4;
						TestTargetID = FF9DC9942C9267EC008859EC;
					};
				};
			};
			buildConfigurationList = FF9DC9902C9267EC008859EC /* Build configuration list for PBXProject "Xylophone" */;
			compatibilityVersion = "Xcode 14.0";
			developmentRegion = en;
			hasScannedForEncodings = 0;
			knownRegions = (
				en,
				Base,
			);
			mainGroup = FF9DC98C2C9267EC008859EC;
			productRefGroup = FF9DC9962C9267EC008859EC /* Products */;
			projectDirPath = "";
			projectRoot = "";
			targets = (
				FF9DC9942C9267EC008859EC /* Xylophone */,
				FF9DC9AA2C9267ED008859EC /* XylophoneTests */,
				FF9DC9B42C9267ED008859EC /* XylophoneUITests */,
			);
		};
/* End PBXProject section */

/* Begin PBXResourcesBuildPhase section */
		FF9DC9932C9267EC008859EC /* Resources */ = {
			isa = PBXResourcesBuildPhase;
			buildActionMask = 2147483647;
			files = (
				FF9DC9D22C926809008859EC /* C.wav in Resources */,
				FF9DC9A22C9267ED008859EC /* Assets.xcassets in Resources */,
				FF9DC9D32C926809008859EC /* D.wav in Resources */,
				FF9DC9D52C926809008859EC /* F.wav in Resources */,
				FF9DC9D12C926809008859EC /* B.wav in Resources */,
				FF9DC9A52C9267ED008859EC /* Base in Resources */,
				FF9DC9D62C926809008859EC /* G.wav in Resources */,
				FF9DC9D02C926809008859EC /* A.wav in Resources */,
				FF9DC9D42C926809008859EC /* E.wav in Resources */,
				FF9DC9A02C9267EC008859EC /* Base in Resources */,
			);
			runOnlyForDeploymentPostprocessing = 0;
		};
		FF9DC9A92C9267ED008859EC /* Resources */ = {
			isa = PBXResourcesBuildPhase;
			buildActionMask = 2147483647;
			files = (
			);
			runOnlyForDeploymentPostprocessing = 0;
		};
		FF9DC9B32C9267ED008859EC /* Resources */ = {
			isa = PBXResourcesBuildPhase;
			buildActionMask = 2147483647;
			files = (
			);
			runOnlyForDeploymentPostprocessing = 0;
		};
/* End PBXResourcesBuildPhase section */

/* Begin PBXSourcesBuildPhase section */
		FF9DC9912C9267EC008859EC /* Sources */ = {
			isa = PBXSourcesBuildPhase;
			buildActionMask = 2147483647;
			files = (
				FF9DC99D2C9267EC008859EC /* ViewController.swift in Sources */,
				FF9DC9992C9267EC008859EC /* AppDelegate.swift in Sources */,
				FF9DC99B2C9267EC008859EC /* SceneDelegate.swift in Sources */,
			);
			runOnlyForDeploymentPostprocessing = 0;
		};
		FF9DC9A72C9267ED008859EC /* Sources */ = {
			isa = PBXSourcesBuildPhase;
			buildActionMask = 2147483647;
			files = (
				FF9DC9B02C9267ED008859EC /* XylophoneTests.swift in Sources */,
			);
			runOnlyForDeploymentPostprocessing = 0;
		};
		FF9DC9B12C9267ED008859EC /* Sources */ = {
			isa = PBXSourcesBuildPhase;
			buildActionMask = 2147483647;
			files = (
				FF9DC9BA2C9267ED008859EC /* XylophoneUITests.swift in Sources */,
				FF9DC9BC2C9267ED008859EC /* XylophoneUITestsLaunchTests.swift in Sources */,
			);
			runOnlyForDeploymentPostprocessing = 0;
		};
/* End PBXSourcesBuildPhase section */

/* Begin PBXTargetDependency section */
		FF9DC9AD2C9267ED008859EC /* PBXTargetDependency */ = {
			isa = PBXTargetDependency;
			target = FF9DC9942C9267EC008859EC /* Xylophone */;
			targetProxy = FF9DC9AC2C9267ED008859EC /* PBXContainerItemProxy */;
		};
		FF9DC9B72C9267ED008859EC /* PBXTargetDependency */ = {
			isa = PBXTargetDependency;
			target = FF9DC9942C9267EC008859EC /* Xylophone */;
			targetProxy = FF9DC9B62C9267ED008859EC /* PBXContainerItemProxy */;
		};
/* End PBXTargetDependency section */

/* Begin PBXVariantGroup section */
		FF9DC99E2C9267EC008859EC /* Main.storyboard */ = {
			isa = PBXVariantGroup;
			children = (
				FF9DC99F2C9267EC008859EC /* Base */,
			);
			name = Main.storyboard;
			sourceTree = "<group>";
		};
		FF9DC9A32C9267ED008859EC /* LaunchScreen.storyboard */ = {
			isa = PBXVariantGroup;
			children = (
				FF9DC9A42C9267ED008859EC /* Base */,
			);
			name = LaunchScreen.storyboard;
			sourceTree = "<group>";
		};
/* End PBXVariantGroup section */

/* Begin XCBuildConfiguration section */
		FF9DC9BD2C9267ED008859EC /* Debug */ = {
			isa = XCBuildConfiguration;
			buildSettings = {
				ALWAYS_SEARCH_USER_PATHS = NO;
				ASSETCATALOG_COMPILER_GENERATE_SWIFT_ASSET_SYMBOL_EXTENSIONS = YES;
				CLANG_ANALYZER_NONNULL = YES;
				CLANG_ANALYZER_NUMBER_OBJECT_CONVERSION = YES_AGGRESSIVE;
				CLANG_CXX_LANGUAGE_STANDARD = "gnu++20";
				CLANG_ENABLE_MODULES = YES;
				CLANG_ENABLE_OBJC_ARC = YES;
				CLANG_ENABLE_OBJC_WEAK = YES;
				CLANG_WARN_BLOCK_CAPTURE_AUTORELEASING = YES;
				CLANG_WARN_BOOL_CONVERSION = YES;
				CLANG_WARN_COMMA = YES;
				CLANG_WARN_CONSTANT_CONVERSION = YES;
				CLANG_WARN_DEPRECATED_OBJC_IMPLEMENTATIONS = YES;
				CLANG_WARN_DIRECT_OBJC_ISA_USAGE = YES_ERROR;
				CLANG_WARN_DOCUMENTATION_COMMENTS = YES;
				CLANG_WARN_EMPTY_BODY = YES;
				CLANG_WARN_ENUM_CONVERSION = YES;
				CLANG_WARN_INFINITE_RECURSION = YES;
				CLANG_WARN_INT_CONVERSION = YES;
				CLANG_WARN_NON_LITERAL_NULL_CONVERSION = YES;
				CLANG_WARN_OBJC_IMPLICIT_RETAIN_SELF = YES;
				CLANG_WARN_OBJC_LITERAL_CONVERSION = YES;
				CLANG_WARN_OBJC_ROOT_CLASS = YES_ERROR;
				CLANG_WARN_QUOTED_INCLUDE_IN_FRAMEWORK_HEADER = YES;
				CLANG_WARN_RANGE_LOOP_ANALYSIS = YES;
				CLANG_WARN_STRICT_PROTOTYPES = YES;
				CLANG_WARN_SUSPICIOUS_MOVE = YES;
				CLANG_WARN_UNGUARDED_AVAILABILITY = YES_AGGRESSIVE;
				CLANG_WARN_UNREACHABLE_CODE = YES;
				CLANG_WARN__DUPLICATE_METHOD_MATCH = YES;
				COPY_PHASE_STRIP = NO;
				DEBUG_INFORMATION_FORMAT = dwarf;
				ENABLE_STRICT_OBJC_MSGSEND = YES;
				ENABLE_TESTABILITY = YES;
				ENABLE_USER_SCRIPT_SANDBOXING = YES;
				GCC_C_LANGUAGE_STANDARD = gnu17;
				GCC_DYNAMIC_NO_PIC = NO;
				GCC_NO_COMMON_BLOCKS = YES;
				GCC_OPTIMIZATION_LEVEL = 0;
				GCC_PREPROCESSOR_DEFINITIONS = (
					"DEBUG=1",
					"$(inherited)",
				);
				GCC_WARN_64_TO_32_BIT_CONVERSION = YES;
				GCC_WARN_ABOUT_RETURN_TYPE = YES_ERROR;
				GCC_WARN_UNDECLARED_SELECTOR = YES;
				GCC_WARN_UNINITIALIZED_AUTOS = YES_AGGRESSIVE;
				GCC_WARN_UNUSED_FUNCTION = YES;
				GCC_WARN_UNUSED_VARIABLE = YES;
				IPHONEOS_DEPLOYMENT_TARGET = 17.5;
				LOCALIZATION_PREFERS_STRING_CATALOGS = YES;
				MTL_ENABLE_DEBUG_INFO = INCLUDE_SOURCE;
				MTL_FAST_MATH = YES;
				ONLY_ACTIVE_ARCH = YES;
				SDKROOT = iphoneos;
				SWIFT_ACTIVE_COMPILATION_CONDITIONS = "DEBUG $(inherited)";
				SWIFT_OPTIMIZATION_LEVEL = "-Onone";
			};
			name = Debug;
		};
		FF9DC9BE2C9267ED008859EC /* Release */ = {
			isa = XCBuildConfiguration;
			buildSettings = {
				ALWAYS_SEARCH_USER_PATHS = NO;
				ASSETCATALOG_COMPILER_GENERATE_SWIFT_ASSET_SYMBOL_EXTENSIONS = YES;
				CLANG_ANALYZER_NONNULL = YES;
				CLANG_ANALYZER_NUMBER_OBJECT_CONVERSION = YES_AGGRESSIVE;
				CLANG_CXX_LANGUAGE_STANDARD = "gnu++20";
				CLANG_ENABLE_MODULES = YES;
				CLANG_ENABLE_OBJC_ARC = YES;
				CLANG_ENABLE_OBJC_WEAK = YES;
				CLANG_WARN_BLOCK_CAPTURE_AUTORELEASING = YES;
				CLANG_WARN_BOOL_CONVERSION = YES;
				CLANG_WARN_COMMA = YES;
				CLANG_WARN_CONSTANT_CONVERSION = YES;
				CLANG_WARN_DEPRECATED_OBJC_IMPLEMENTATIONS = YES;
				CLANG_WARN_DIRECT_OBJC_ISA_USAGE = YES_ERROR;
				CLANG_WARN_DOCUMENTATION_COMMENTS = YES;
				CLANG_WARN_EMPTY_BODY = YES;
				CLANG_WARN_ENUM_CONVERSION = YES;
				CLANG_WARN_INFINITE_RECURSION = YES;
				CLANG_WARN_INT_CONVERSION = YES;
				CLANG_WARN_NON_LITERAL_NULL_CONVERSION = YES;
				CLANG_WARN_OBJC_IMPLICIT_RETAIN_SELF = YES;
				CLANG_WARN_OBJC_LITERAL_CONVERSION = YES;
				CLANG_WARN_OBJC_ROOT_CLASS = YES_ERROR;
				CLANG_WARN_QUOTED_INCLUDE_IN_FRAMEWORK_HEADER = YES;
				CLANG_WARN_RANGE_LOOP_ANALYSIS = YES;
				CLANG_WARN_STRICT_PROTOTYPES = YES;
				CLANG_WARN_SUSPICIOUS_MOVE = YES;
				CLANG_WARN_UNGUARDED_AVAILABILITY = YES_AGGRESSIVE;
				CLANG_WARN_UNREACHABLE_CODE = YES;
				CLANG_WARN__DUPLICATE_METHOD_MATCH = YES;
				COPY_PHASE_STRIP = NO;
				DEBUG_INFORMATION_FORMAT = "dwarf-with-dsym";
				ENABLE_NS_ASSERTIONS = NO;
				ENABLE_STRICT_OBJC_MSGSEND = YES;
				ENABLE_USER_SCRIPT_SANDBOXING = YES;
				GCC_C_LANGUAGE_STANDARD = gnu17;
				GCC_NO_COMMON_BLOCKS = YES;
				GCC_WARN_64_TO_32_BIT_CONVERSION = YES;
				GCC_WARN_ABOUT_RETURN_TYPE = YES_ERROR;
				GCC_WARN_UNDECLARED_SELECTOR = YES;
				GCC_WARN_UNINITIALIZED_AUTOS = YES_AGGRESSIVE;
				GCC_WARN_UNUSED_FUNCTION = YES;
				GCC_WARN_UNUSED_VARIABLE = YES;
				IPHONEOS_DEPLOYMENT_TARGET = 17.5;
				LOCALIZATION_PREFERS_STRING_CATALOGS = YES;
				MTL_ENABLE_DEBUG_INFO = NO;
				MTL_FAST_MATH = YES;
				SDKROOT = iphoneos;
				SWIFT_COMPILATION_MODE = wholemodule;
				VALIDATE_PRODUCT = YES;
			};
			name = Release;
		};
		FF9DC9C02C9267ED008859EC /* Debug */ = {
			isa = XCBuildConfiguration;
			buildSettings = {
				ASSETCATALOG_COMPILER_APPICON_NAME = AppIcon;
				ASSETCATALOG_COMPILER_GLOBAL_ACCENT_COLOR_NAME = AccentColor;
				CODE_SIGN_STYLE = Automatic;
				CURRENT_PROJECT_VERSION = 1;
				GENERATE_INFOPLIST_FILE = YES;
				INFOPLIST_FILE = Xylophone/Info.plist;
				INFOPLIST_KEY_UIApplicationSupportsIndirectInputEvents = YES;
				INFOPLIST_KEY_UILaunchStoryboardName = LaunchScreen;
				INFOPLIST_KEY_UIMainStoryboardFile = Main;
				INFOPLIST_KEY_UISupportedInterfaceOrientations_iPad = "UIInterfaceOrientationPortrait UIInterfaceOrientationPortraitUpsideDown UIInterfaceOrientationLandscapeLeft UIInterfaceOrientationLandscapeRight";
				INFOPLIST_KEY_UISupportedInterfaceOrientations_iPhone = "UIInterfaceOrientationPortrait UIInterfaceOrientationLandscapeLeft UIInterfaceOrientationLandscapeRight";
				LD_RUNPATH_SEARCH_PATHS = (
					"$(inherited)",
					"@executable_path/Frameworks",
				);
				MARKETING_VERSION = 1.0;
				PRODUCT_BUNDLE_IDENTIFIER = com.Jo.Xylophone;
				PRODUCT_NAME = "$(TARGET_NAME)";
				SWIFT_EMIT_LOC_STRINGS = YES;
				SWIFT_VERSION = 5.0;
				TARGETED_DEVICE_FAMILY = "1,2";
			};
			name = Debug;
		};
		FF9DC9C12C9267ED008859EC /* Release */ = {
			isa = XCBuildConfiguration;
			buildSettings = {
				ASSETCATALOG_COMPILER_APPICON_NAME = AppIcon;
				ASSETCATALOG_COMPILER_GLOBAL_ACCENT_COLOR_NAME = AccentColor;
				CODE_SIGN_STYLE = Automatic;
				CURRENT_PROJECT_VERSION = 1;
				GENERATE_INFOPLIST_FILE = YES;
				INFOPLIST_FILE = Xylophone/Info.plist;
				INFOPLIST_KEY_UIApplicationSupportsIndirectInputEvents = YES;
				INFOPLIST_KEY_UILaunchStoryboardName = LaunchScreen;
				INFOPLIST_KEY_UIMainStoryboardFile = Main;
				INFOPLIST_KEY_UISupportedInterfaceOrientations_iPad = "UIInterfaceOrientationPortrait UIInterfaceOrientationPortraitUpsideDown UIInterfaceOrientationLandscapeLeft UIInterfaceOrientationLandscapeRight";
				INFOPLIST_KEY_UISupportedInterfaceOrientations_iPhone = "UIInterfaceOrientationPortrait UIInterfaceOrientationLandscapeLeft UIInterfaceOrientationLandscapeRight";
				LD_RUNPATH_SEARCH_PATHS = (
					"$(inherited)",
					"@executable_path/Frameworks",
				);
				MARKETING_VERSION = 1.0;
				PRODUCT_BUNDLE_IDENTIFIER = com.Jo.Xylophone;
				PRODUCT_NAME = "$(TARGET_NAME)";
				SWIFT_EMIT_LOC_STRINGS = YES;
				SWIFT_VERSION = 5.0;
				TARGETED_DEVICE_FAMILY = "1,2";
			};
			name = Release;
		};
		FF9DC9C32C9267ED008859EC /* Debug */ = {
			isa = XCBuildConfiguration;
			buildSettings = {
				ALWAYS_EMBED_SWIFT_STANDARD_LIBRARIES = YES;
				BUNDLE_LOADER = "$(TEST_HOST)";
				CODE_SIGN_STYLE = Automatic;
				CURRENT_PROJECT_VERSION = 1;
				GENERATE_INFOPLIST_FILE = YES;
				IPHONEOS_DEPLOYMENT_TARGET = 17.5;
				MARKETING_VERSION = 1.0;
				PRODUCT_BUNDLE_IDENTIFIER = com.Jo.XylophoneTests;
				PRODUCT_NAME = "$(TARGET_NAME)";
				SWIFT_EMIT_LOC_STRINGS = NO;
				SWIFT_VERSION = 5.0;
				TARGETED_DEVICE_FAMILY = "1,2";
				TEST_HOST = "$(BUILT_PRODUCTS_DIR)/Xylophone.app/$(BUNDLE_EXECUTABLE_FOLDER_PATH)/Xylophone";
			};
			name = Debug;
		};
		FF9DC9C42C9267ED008859EC /* Release */ = {
			isa = XCBuildConfiguration;
			buildSettings = {
				ALWAYS_EMBED_SWIFT_STANDARD_LIBRARIES = YES;
				BUNDLE_LOADER = "$(TEST_HOST)";
				CODE_SIGN_STYLE = Automatic;
				CURRENT_PROJECT_VERSION = 1;
				GENERATE_INFOPLIST_FILE = YES;
				IPHONEOS_DEPLOYMENT_TARGET = 17.5;
				MARKETING_VERSION = 1.0;
				PRODUCT_BUNDLE_IDENTIFIER = com.Jo.XylophoneTests;
				PRODUCT_NAME = "$(TARGET_NAME)";
				SWIFT_EMIT_LOC_STRINGS = NO;
				SWIFT_VERSION = 5.0;
				TARGETED_DEVICE_FAMILY = "1,2";
				TEST_HOST = "$(BUILT_PRODUCTS_DIR)/Xylophone.app/$(BUNDLE_EXECUTABLE_FOLDER_PATH)/Xylophone";
			};
			name = Release;
		};
		FF9DC9C62C9267ED008859EC /* Debug */ = {
			isa = XCBuildConfiguration;
			buildSettings = {
				ALWAYS_EMBED_SWIFT_STANDARD_LIBRARIES = YES;
				CODE_SIGN_STYLE = Automatic;
				CURRENT_PROJECT_VERSION = 1;
				GENERATE_INFOPLIST_FILE = YES;
				MARKETING_VERSION = 1.0;
				PRODUCT_BUNDLE_IDENTIFIER = com.Jo.XylophoneUITests;
				PRODUCT_NAME = "$(TARGET_NAME)";
				SWIFT_EMIT_LOC_STRINGS = NO;
				SWIFT_VERSION = 5.0;
				TARGETED_DEVICE_FAMILY = "1,2";
				TEST_TARGET_NAME = Xylophone;
			};
			name = Debug;
		};
		FF9DC9C72C9267ED008859EC /* Release */ = {
			isa = XCBuildConfiguration;
			buildSettings = {
				ALWAYS_EMBED_SWIFT_STANDARD_LIBRARIES = YES;
				CODE_SIGN_STYLE = Automatic;
				CURRENT_PROJECT_VERSION = 1;
				GENERATE_INFOPLIST_FILE = YES;
				MARKETING_VERSION = 1.0;
				PRODUCT_BUNDLE_IDENTIFIER = com.Jo.XylophoneUITests;
				PRODUCT_NAME = "$(TARGET_NAME)";
				SWIFT_EMIT_LOC_STRINGS = NO;
				SWIFT_VERSION = 5.0;
				TARGETED_DEVICE_FAMILY = "1,2";
				TEST_TARGET_NAME = Xylophone;
			};
			name = Release;
		};
/* End XCBuildConfiguration section */

/* Begin XCConfigurationList section */
		FF9DC9902C9267EC008859EC /* Build configuration list for PBXProject "Xylophone" */ = {
			isa = XCConfigurationList;
			buildConfigurations = (
				FF9DC9BD2C9267ED008859EC /* Debug */,
				FF9DC9BE2C9267ED008859EC /* Release */,
			);
			defaultConfigurationIsVisible = 0;
			defaultConfigurationName = Release;
		};
		FF9DC9BF2C9267ED008859EC /* Build configuration list for PBXNativeTarget "Xylophone" */ = {
			isa = XCConfigurationList;
			buildConfigurations = (
				FF9DC9C02C9267ED008859EC /* Debug */,
				FF9DC9C12C9267ED008859EC /* Release */,
			);
			defaultConfigurationIsVisible = 0;
			defaultConfigurationName = Release;
		};
		FF9DC9C22C9267ED008859EC /* Build configuration list for PBXNativeTarget "XylophoneTests" */ = {
			isa = XCConfigurationList;
			buildConfigurations = (
				FF9DC9C32C9267ED008859EC /* Debug */,
				FF9DC9C42C9267ED008859EC /* Release */,
			);
			defaultConfigurationIsVisible = 0;
			defaultConfigurationName = Release;
		};
		FF9DC9C52C9267ED008859EC /* Build configuration list for PBXNativeTarget "XylophoneUITests" */ = {
			isa = XCConfigurationList;
			buildConfigurations = (
				FF9DC9C62C9267ED008859EC /* Debug */,
				FF9DC9C72C9267ED008859EC /* Release */,
			);
			defaultConfigurationIsVisible = 0;
			defaultConfigurationName = Release;
		};
/* End XCConfigurationList section */
	};
	rootObject = FF9DC98D2C9267EC008859EC /* Project object */;
}
